{
  "name": "my-react-app",
  "version": "1.0.0",
  "lockfileVersion": 1,
  "requires": true,
  "dependencies": {
    "@babel/core": {
      "version": "7.17.2",
      "resolved": "https://registry.npmjs.org/@babel/core/-/core-7.17.2.tgz",
      "integrity": "sha512-...",
      "dev": true,
      "requires": {
        "..."
      }
    },
    "react": {
      "version": "17.0.2",
      "resolved": "https://registry.npmjs.org/react/-/react-17.0.2.tgz",
      "integrity": "sha512-...",
      "dependencies": {
        "..."
      }
    },
    "react-dom": {
      "version": "17.0.2",
      "resolved": "https://registry.npmjs.org/react-dom/-/react-dom-17.0.2.tgz",
      "integrity": "sha512-...",
      "dependencies": {
        "..."
      }
    },
    "react-router-dom": {
      "version": "6.2.1",
      "resolved": "https://registry.npmjs.org/react-router-dom/-/react-router-dom-6.2.1.tgz",
      "integrity": "sha512-...",
      "dependencies": {
        "..."
      }
    },
    "...": {
      "...": "..."
    }
  },
  "devDependencies": {},
  "metadata": {
    "..."
  }
}
